# GitHub-hosted runner input: CPython 3.11, macos-15-arm64.
# Metadata, filenames, sizes, licenses, sources, and URLs are locked in
# DEPENDENCY_LOCK.json. Installation must use --require-hashes,
# --only-binary=:all:, and --no-deps.
cryptography==49.0.0 \
    --hash=sha256:966fe0e9c67490071f14c0d2b1cb2dfb3023c5ce39457343931415f08382f2db
cffi==2.1.0 \
    --hash=sha256:f5bce581e6b8c235e566a14768a943b172ada3ed73537bb0c0be1edee312d4e7
pycparser==3.0 \
    --hash=sha256:b727414169a36b7d524c1c3e31839a521725078d7b2ff038656844266160a992
